// !$*UTF8*$!
{
	archiveVersion = 1;
	classes = {
	};
	objectVersion = 55;
	objects = {

/* Begin PBXBuildFile section */
		FB4E48C5289A1CBB0080B9E4 /* AnimeResponse.swift in Sources */ = {isa = PBXBuildFile; fileRef = FB4E48C4289A1CBB0080B9E4 /* AnimeResponse.swift */; };
		FB4E48C7289A3E2D0080B9E4 /* MangaResponse.swift in Sources */ = {isa = PBXBuildFile; fileRef = FB4E48C6289A3E2D0080B9E4 /* MangaResponse.swift */; };
		FB4E48C9289A51450080B9E4 /* HomeViewModel.swift in Sources */ = {isa = PBXBuildFile; fileRef = FB4E48C8289A51450080B9E4 /* HomeViewModel.swift */; };
		FB4E48CB289A52270080B9E4 /* HomeView.swift in Sources */ = {isa = PBXBuildFile; fileRef = FB4E48CA289A52270080B9E4 /* HomeView.swift */; };
		FB4E48CE289B7ED20080B9E4 /* Kingfisher in Frameworks */ = {isa = PBXBuildFile; productRef = FB4E48CD289B7ED20080B9E4 /* Kingfisher */; };
		FB4E48D0289BA5E40080B9E4 /* FavoriteView.swift in Sources */ = {isa = PBXBuildFile; fileRef = FB4E48CF289BA5E40080B9E4 /* FavoriteView.swift */; };
		FBD0FB87289A17C600FDEEA4 /* GogolookTestApp.swift in Sources */ = {isa = PBXBuildFile; fileRef = FBD0FB86289A17C600FDEEA4 /* GogolookTestApp.swift */; };
		FBD0FB89289A17C600FDEEA4 /* ContentView.swift in Sources */ = {isa = PBXBuildFile; fileRef = FBD0FB88289A17C600FDEEA4 /* ContentView.swift */; };
		FBD0FB8B289A17C800FDEEA4 /* Assets.xcassets in Resources */ = {isa = PBXBuildFile; fileRef = FBD0FB8A289A17C800FDEEA4 /* Assets.xcassets */; };
		FBD0FB8E289A17C800FDEEA4 /* Preview Assets.xcassets in Resources */ = {isa = PBXBuildFile; fileRef = FBD0FB8D289A17C800FDEEA4 /* Preview Assets.xcassets */; };
/* End PBXBuildFile section */

/* Begin PBXContainerItemProxy section */
		FBD0FB94289A17C800FDEEA4 /* PBXContainerItemProxy */ = {
			isa = PBXContainerItemProxy;
			containerPortal = FBD0FB7B289A17C500FDEEA4 /* Project object */;
			proxyType = 1;
			remoteGlobalIDString = FBD0FB82289A17C600FDEEA4;
			remoteInfo = GogolookTest;
		};
		FBD0FB9E289A17C900FDEEA4 /* PBXContainerItemProxy */ = {
			isa = PBXContainerItemProxy;
			containerPortal = FBD0FB7B289A17C500FDEEA4 /* Project object */;
			proxyType = 1;
			remoteGlobalIDString = FBD0FB82289A17C600FDEEA4;
			remoteInfo = GogolookTest;
		};
/* End PBXContainerItemProxy section */

/* Begin PBXFileReference section */
		FB4E48C4289A1CBB0080B9E4 /* AnimeResponse.swift */ = {isa = PBXFileReference; lastKnownFileType = sourcecode.swift; path = AnimeResponse.swift; sourceTree = "<group>"; };
		FB4E48C6289A3E2D0080B9E4 /* MangaResponse.swift */ = {isa = PBXFileReference; lastKnownFileType = sourcecode.swift; path = MangaResponse.swift; sourceTree = "<group>"; };
		FB4E48C8289A51450080B9E4 /* HomeViewModel.swift */ = {isa = PBXFileReference; lastKnownFileType = sourcecode.swift; path = HomeViewModel.swift; sourceTree = "<group>"; };
		FB4E48CA289A52270080B9E4 /* HomeView.swift */ = {isa = PBXFileReference; lastKnownFileType = sourcecode.swift; path = HomeView.swift; sourceTree = "<group>"; };
		FB4E48CF289BA5E40080B9E4 /* FavoriteView.swift */ = {isa = PBXFileReference; lastKnownFileType = sourcecode.swift; path = FavoriteView.swift; sourceTree = "<group>"; };
		FBD0FB83289A17C600FDEEA4 /* GogolookTest.app */ = {isa = PBXFileReference; explicitFileType = wrapper.application; includeInIndex = 0; path = GogolookTest.app; sourceTree = BUILT_PRODUCTS_DIR; };
		FBD0FB86289A17C600FDEEA4 /* GogolookTestApp.swift */ = {isa = PBXFileReference; lastKnownFileType = sourcecode.swift; path = GogolookTestApp.swift; sourceTree = "<group>"; };
		FBD0FB88289A17C600FDEEA4 /* ContentView.swift */ = {isa = PBXFileReference; lastKnownFileType = sourcecode.swift; path = ContentView.swift; sourceTree = "<group>"; };
		FBD0FB8A289A17C800FDEEA4 /* Assets.xcassets */ = {isa = PBXFileReference; lastKnownFileType = folder.assetcatalog; path = Assets.xcassets; sourceTree = "<group>"; };
		FBD0FB8D289A17C800FDEEA4 /* Preview Assets.xcassets */ = {isa = PBXFileReference; lastKnownFileType = folder.assetcatalog; path = "Preview Assets.xcassets"; sourceTree = "<group>"; };
		FBD0FB93289A17C800FDEEA4 /* GogolookTestTests.xctest */ = {isa = PBXFileReference; explicitFileType = wrapper.cfbundle; includeInIndex = 0; path = GogolookTestTests.xctest; sourceTree = BUILT_PRODUCTS_DIR; };
		FBD0FB9D289A17C900FDEEA4 /* GogolookTestUITests.xctest */ = {isa = PBXFileReference; explicitFileType = wrapper.cfbundle; includeInIndex = 0; path = GogolookTestUITests.xctest; sourceTree = BUILT_PRODUCTS_DIR; };
/* End PBXFileReference section */

/* Begin PBXFrameworksBuildPhase section */
		FBD0FB80289A17C600FDEEA4 /* Frameworks */ = {
			isa = PBXFrameworksBuildPhase;
			buildActionMask = 2147483647;
			files = (
				FB4E48CE289B7ED20080B9E4 /* Kingfisher in Frameworks */,
			);
			runOnlyForDeploymentPostprocessing = 0;
		};
		FBD0FB90289A17C800FDEEA4 /* Frameworks */ = {
			isa = PBXFrameworksBuildPhase;
			buildActionMask = 2147483647;
			files = (
			);
			runOnlyForDeploymentPostprocessing = 0;
		};
		FBD0FB9A289A17C900FDEEA4 /* Frameworks */ = {
			isa = PBXFrameworksBuildPhase;
			buildActionMask = 2147483647;
			files = (
			);
			runOnlyForDeploymentPostprocessing = 0;
		};
/* End PBXFrameworksBuildPhase section */

/* Begin PBXGroup section */
		FBD0FB7A289A17C500FDEEA4 = {
			isa = PBXGroup;
			children = (
				FBD0FB85289A17C600FDEEA4 /* GogolookTest */,
				FBD0FB84289A17C600FDEEA4 /* Products */,
			);
			sourceTree = "<group>";
		};
		FBD0FB84289A17C600FDEEA4 /* Products */ = {
			isa = PBXGroup;
			children = (
				FBD0FB83289A17C600FDEEA4 /* GogolookTest.app */,
				FBD0FB93289A17C800FDEEA4 /* GogolookTestTests.xctest */,
				FBD0FB9D289A17C900FDEEA4 /* GogolookTestUITests.xctest */,
			);
			name = Products;
			sourceTree = "<group>";
		};
		FBD0FB85289A17C600FDEEA4 /* GogolookTest */ = {
			isa = PBXGroup;
			children = (
				FBD0FB86289A17C600FDEEA4 /* GogolookTestApp.swift */,
				FB4E48CF289BA5E40080B9E4 /* FavoriteView.swift */,
				FBD0FB88289A17C600FDEEA4 /* ContentView.swift */,
				FBD0FB8A289A17C800FDEEA4 /* Assets.xcassets */,
				FBD0FB8C289A17C800FDEEA4 /* Preview Content */,
				FB4E48C4289A1CBB0080B9E4 /* AnimeResponse.swift */,
				FB4E48C6289A3E2D0080B9E4 /* MangaResponse.swift */,
				FB4E48C8289A51450080B9E4 /* HomeViewModel.swift */,
				FB4E48CA289A52270080B9E4 /* HomeView.swift */,
			);
			path = GogolookTest;
			sourceTree = "<group>";
		};
		FBD0FB8C289A17C800FDEEA4 /* Preview Content */ = {
			isa = PBXGroup;
			children = (
				FBD0FB8D289A17C800FDEEA4 /* Preview Assets.xcassets */,
			);
			path = "Preview Content";
			sourceTree = "<group>";
		};
/* End PBXGroup section */

/* Begin PBXNativeTarget section */
		FBD0FB82289A17C600FDEEA4 /* GogolookTest */ = {
			isa = PBXNativeTarget;
			buildConfigurationList = FBD0FBA7289A17C900FDEEA4 /* Build configuration list for PBXNativeTarget "GogolookTest" */;
			buildPhases = (
				FBD0FB7F289A17C600FDEEA4 /* Sources */,
				FBD0FB80289A17C600FDEEA4 /* Frameworks */,
				FBD0FB81289A17C600FDEEA4 /* Resources */,
			);
			buildRules = (
			);
			dependencies = (
			);
			name = GogolookTest;
			packageProductDependencies = (
				FB4E48CD289B7ED20080B9E4 /* Kingfisher */,
			);
			productName = GogolookTest;
			productReference = FBD0FB83289A17C600FDEEA4 /* GogolookTest.app */;
			productType = "com.apple.product-type.application";
		};
		FBD0FB92289A17C800FDEEA4 /* GogolookTestTests */ = {
			isa = PBXNativeTarget;
			buildConfigurationList = FBD0FBAA289A17C900FDEEA4 /* Build configuration list for PBXNativeTarget "GogolookTestTests" */;
			buildPhases = (
				FBD0FB8F289A17C800FDEEA4 /* Sources */,
				FBD0FB90289A17C800FDEEA4 /* Frameworks */,
				FBD0FB91289A17C800FDEEA4 /* Resources */,
			);
			buildRules = (
			);
			dependencies = (
				FBD0FB95289A17C800FDEEA4 /* PBXTargetDependency */,
			);
			name = GogolookTestTests;
			productName = GogolookTestTests;
			productReference = FBD0FB93289A17C800FDEEA4 /* GogolookTestTests.xctest */;
			productType = "com.apple.product-type.bundle.unit-test";
		};
		FBD0FB9C289A17C900FDEEA4 /* GogolookTestUITests */ = {
			isa = PBXNativeTarget;
			buildConfigurationList = FBD0FBAD289A17C900FDEEA4 /* Build configuration list for PBXNativeTarget "GogolookTestUITests" */;
			buildPhases = (
				FBD0FB99289A17C900FDEEA4 /* Sources */,
				FBD0FB9A289A17C900FDEEA4 /* Frameworks */,
				FBD0FB9B289A17C900FDEEA4 /* Resources */,
			);
			buildRules = (
			);
			dependencies = (
				FBD0FB9F289A17C900FDEEA4 /* PBXTargetDependency */,
			);
			name = GogolookTestUITests;
			productName = GogolookTestUITests;
			productReference = FBD0FB9D289A17C900FDEEA4 /* GogolookTestUITests.xctest */;
			productType = "com.apple.product-type.bundle.ui-testing";
		};
/* End PBXNativeTarget section */

/* Begin PBXProject section */
		FBD0FB7B289A17C500FDEEA4 /* Project object */ = {
			isa = PBXProject;
			attributes = {
				BuildIndependentTargetsInParallel = 1;
				LastSwiftUpdateCheck = 1340;
				LastUpgradeCheck = 1340;
				TargetAttributes = {
					FBD0FB82289A17C600FDEEA4 = {
						CreatedOnToolsVersion = 13.4.1;
					};
					FBD0FB92289A17C800FDEEA4 = {
						CreatedOnToolsVersion = 13.4.1;
						TestTargetID = FBD0FB82289A17C600FDEEA4;
					};
					FBD0FB9C289A17C900FDEEA4 = {
						CreatedOnToolsVersion = 13.4.1;
						TestTargetID = FBD0FB82289A17C600FDEEA4;
					};
				};
			};
			buildConfigurationList = FBD0FB7E289A17C500FDEEA4 /* Build configuration list for PBXProject "GogolookTest" */;
			compatibilityVersion = "Xcode 13.0";
			developmentRegion = en;
			hasScannedForEncodings = 0;
			knownRegions = (
				en,
				Base,
			);
			mainGroup = FBD0FB7A289A17C500FDEEA4;
			packageReferences = (
				FB4E48CC289B7ED20080B9E4 /* XCRemoteSwiftPackageReference "Kingfisher" */,
			);
			productRefGroup = FBD0FB84289A17C600FDEEA4 /* Products */;
			projectDirPath = "";
			projectRoot = "";
			targets = (
				FBD0FB82289A17C600FDEEA4 /* GogolookTest */,
				FBD0FB92289A17C800FDEEA4 /* GogolookTestTests */,
				FBD0FB9C289A17C900FDEEA4 /* GogolookTestUITests */,
			);
		};
/* End PBXProject section */

/* Begin PBXResourcesBuildPhase section */
		FBD0FB81289A17C600FDEEA4 /* Resources */ = {
			isa = PBXResourcesBuildPhase;
			buildActionMask = 2147483647;
			files = (
				FBD0FB8E289A17C800FDEEA4 /* Preview Assets.xcassets in Resources */,
				FBD0FB8B289A17C800FDEEA4 /* Assets.xcassets in Resources */,
			);
			runOnlyForDeploymentPostprocessing = 0;
		};
		FBD0FB91289A17C800FDEEA4 /* Resources */ = {
			isa = PBXResourcesBuildPhase;
			buildActionMask = 2147483647;
			files = (
			);
			runOnlyForDeploymentPostprocessing = 0;
		};
		FBD0FB9B289A17C900FDEEA4 /* Resources */ = {
			isa = PBXResourcesBuildPhase;
			buildActionMask = 2147483647;
			files = (
			);
			runOnlyForDeploymentPostprocessing = 0;
		};
/* End PBXResourcesBuildPhase section */

/* Begin PBXSourcesBuildPhase section */
		FBD0FB7F289A17C600FDEEA4 /* Sources */ = {
			isa = PBXSourcesBuildPhase;
			buildActionMask = 2147483647;
			files = (
				FBD0FB89289A17C600FDEEA4 /* ContentView.swift in Sources */,
				FB4E48C7289A3E2D0080B9E4 /* MangaResponse.swift in Sources */,
				FB4E48D0289BA5E40080B9E4 /* FavoriteView.swift in Sources */,
				FBD0FB87289A17C600FDEEA4 /* GogolookTestApp.swift in Sources */,
				FB4E48CB289A52270080B9E4 /* HomeView.swift in Sources */,
				FB4E48C9289A51450080B9E4 /* HomeViewModel.swift in Sources */,
				FB4E48C5289A1CBB0080B9E4 /* AnimeResponse.swift in Sources */,
			);
			runOnlyForDeploymentPostprocessing = 0;
		};
		FBD0FB8F289A17C800FDEEA4 /* Sources */ = {
			isa = PBXSourcesBuildPhase;
			buildActionMask = 2147483647;
			files = (
			);
			runOnlyForDeploymentPostprocessing = 0;
		};
		FBD0FB99289A17C900FDEEA4 /* Sources */ = {
			isa = PBXSourcesBuildPhase;
			buildActionMask = 2147483647;
			files = (
			);
			runOnlyForDeploymentPostprocessing = 0;
		};
/* End PBXSourcesBuildPhase section */

/* Begin PBXTargetDependency section */
		FBD0FB95289A17C800FDEEA4 /* PBXTargetDependency */ = {
			isa = PBXTargetDependency;
			target = FBD0FB82289A17C600FDEEA4 /* GogolookTest */;
			targetProxy = FBD0FB94289A17C800FDEEA4 /* PBXContainerItemProxy */;
		};
		FBD0FB9F289A17C900FDEEA4 /* PBXTargetDependency */ = {
			isa = PBXTargetDependency;
			target = FBD0FB82289A17C600FDEEA4 /* GogolookTest */;
			targetProxy = FBD0FB9E289A17C900FDEEA4 /* PBXContainerItemProxy */;
		};
/* End PBXTargetDependency section */

/* Begin XCBuildConfiguration section */
		FBD0FBA5289A17C900FDEEA4 /* Debug */ = {
			isa = XCBuildConfiguration;
			buildSettings = {
				ALWAYS_SEARCH_USER_PATHS = NO;
				CLANG_ANALYZER_NONNULL = YES;
				CLANG_ANALYZER_NUMBER_OBJECT_CONVERSION = YES_AGGRESSIVE;
				CLANG_CXX_LANGUAGE_STANDARD = "gnu++17";
				CLANG_ENABLE_MODULES = YES;
				CLANG_ENABLE_OBJC_ARC = YES;
				CLANG_ENABLE_OBJC_WEAK = YES;
				CLANG_WARN_BLOCK_CAPTURE_AUTORELEASING = YES;
				CLANG_WARN_BOOL_CONVERSION = YES;
				CLANG_WARN_COMMA = YES;
				CLANG_WARN_CONSTANT_CONVERSION = YES;
				CLANG_WARN_DEPRECATED_OBJC_IMPLEMENTATIONS = YES;
				CLANG_WARN_DIRECT_OBJC_ISA_USAGE = YES_ERROR;
				CLANG_WARN_DOCUMENTATION_COMMENTS = YES;
				CLANG_WARN_EMPTY_BODY = YES;
				CLANG_WARN_ENUM_CONVERSION = YES;
				CLANG_WARN_INFINITE_RECURSION = YES;
				CLANG_WARN_INT_CONVERSION = YES;
				CLANG_WARN_NON_LITERAL_NULL_CONVERSION = YES;
				CLANG_WARN_OBJC_IMPLICIT_RETAIN_SELF = YES;
				CLANG_WARN_OBJC_LITERAL_CONVERSION = YES;
				CLANG_WARN_OBJC_ROOT_CLASS = YES_ERROR;
				CLANG_WARN_QUOTED_INCLUDE_IN_FRAMEWORK_HEADER = YES;
				CLANG_WARN_RANGE_LOOP_ANALYSIS = YES;
				CLANG_WARN_STRICT_PROTOTYPES = YES;
				CLANG_WARN_SUSPICIOUS_MOVE = YES;
				CLANG_WARN_UNGUARDED_AVAILABILITY = YES_AGGRESSIVE;
				CLANG_WARN_UNREACHABLE_CODE = YES;
				CLANG_WARN__DUPLICATE_METHOD_MATCH = YES;
				COPY_PHASE_STRIP = NO;
				DEBUG_INFORMATION_FORMAT = dwarf;
				ENABLE_STRICT_OBJC_MSGSEND = YES;
				ENABLE_TESTABILITY = YES;
				GCC_C_LANGUAGE_STANDARD = gnu11;
				GCC_DYNAMIC_NO_PIC = NO;
				GCC_NO_COMMON_BLOCKS = YES;
				GCC_OPTIMIZATION_LEVEL = 0;
				GCC_PREPROCESSOR_DEFINITIONS = (
					"DEBUG=1",
					"$(inherited)",
				);
				GCC_WARN_64_TO_32_BIT_CONVERSION = YES;
				GCC_WARN_ABOUT_RETURN_TYPE = YES_ERROR;
				GCC_WARN_UNDECLARED_SELECTOR = YES;
				GCC_WARN_UNINITIALIZED_AUTOS = YES_AGGRESSIVE;
				GCC_WARN_UNUSED_FUNCTION = YES;
				GCC_WARN_UNUSED_VARIABLE = YES;
				IPHONEOS_DEPLOYMENT_TARGET = 15.0;
				MTL_ENABLE_DEBUG_INFO = INCLUDE_SOURCE;
				MTL_FAST_MATH = YES;
				ONLY_ACTIVE_ARCH = YES;
				SDKROOT = iphoneos;
				SWIFT_ACTIVE_COMPILATION_CONDITIONS = DEBUG;
				SWIFT_OPTIMIZATION_LEVEL = "-Onone";
			};
			name = Debug;
		};
		FBD0FBA6289A17C900FDEEA4 /* Release */ = {
			isa = XCBuildConfiguration;
			buildSettings = {
				ALWAYS_SEARCH_USER_PATHS = NO;
				CLANG_ANALYZER_NONNULL = YES;
				CLANG_ANALYZER_NUMBER_OBJECT_CONVERSION = YES_AGGRESSIVE;
				CLANG_CXX_LANGUAGE_STANDARD = "gnu++17";
				CLANG_ENABLE_MODULES = YES;
				CLANG_ENABLE_OBJC_ARC = YES;
				CLANG_ENABLE_OBJC_WEAK = YES;
				CLANG_WARN_BLOCK_CAPTURE_AUTORELEASING = YES;
				CLANG_WARN_BOOL_CONVERSION = YES;
				CLANG_WARN_COMMA = YES;
				CLANG_WARN_CONSTANT_CONVERSION = YES;
				CLANG_WARN_DEPRECATED_OBJC_IMPLEMENTATIONS = YES;
				CLANG_WARN_DIRECT_OBJC_ISA_USAGE = YES_ERROR;
				CLANG_WARN_DOCUMENTATION_COMMENTS = YES;
				CLANG_WARN_EMPTY_BODY = YES;
				CLANG_WARN_ENUM_CONVERSION = YES;
				CLANG_WARN_INFINITE_RECURSION = YES;
				CLANG_WARN_INT_CONVERSION = YES;
				CLANG_WARN_NON_LITERAL_NULL_CONVERSION = YES;
				CLANG_WARN_OBJC_IMPLICIT_RETAIN_SELF = YES;
				CLANG_WARN_OBJC_LITERAL_CONVERSION = YES;
				CLANG_WARN_OBJC_ROOT_CLASS = YES_ERROR;
				CLANG_WARN_QUOTED_INCLUDE_IN_FRAMEWORK_HEADER = YES;
				CLANG_WARN_RANGE_LOOP_ANALYSIS = YES;
				CLANG_WARN_STRICT_PROTOTYPES = YES;
				CLANG_WARN_SUSPICIOUS_MOVE = YES;
				CLANG_WARN_UNGUARDED_AVAILABILITY = YES_AGGRESSIVE;
				CLANG_WARN_UNREACHABLE_CODE = YES;
				CLANG_WARN__DUPLICATE_METHOD_MATCH = YES;
				COPY_PHASE_STRIP = NO;
				DEBUG_INFORMATION_FORMAT = "dwarf-with-dsym";
				ENABLE_NS_ASSERTIONS = NO;
				ENABLE_STRICT_OBJC_MSGSEND = YES;
				GCC_C_LANGUAGE_STANDARD = gnu11;
				GCC_NO_COMMON_BLOCKS = YES;
				GCC_WARN_64_TO_32_BIT_CONVERSION = YES;
				GCC_WARN_ABOUT_RETURN_TYPE = YES_ERROR;
				GCC_WARN_UNDECLARED_SELECTOR = YES;
				GCC_WARN_UNINITIALIZED_AUTOS = YES_AGGRESSIVE;
				GCC_WARN_UNUSED_FUNCTION = YES;
				GCC_WARN_UNUSED_VARIABLE = YES;
				IPHONEOS_DEPLOYMENT_TARGET = 15.0;
				MTL_ENABLE_DEBUG_INFO = NO;
				MTL_FAST_MATH = YES;
				SDKROOT = iphoneos;
				SWIFT_COMPILATION_MODE = wholemodule;
				SWIFT_OPTIMIZATION_LEVEL = "-O";
				VALIDATE_PRODUCT = YES;
			};
			name = Release;
		};
		FBD0FBA8289A17C900FDEEA4 /* Debug */ = {
			isa = XCBuildConfiguration;
			buildSettings = {
				ASSETCATALOG_COMPILER_APPICON_NAME = AppIcon;
				ASSETCATALOG_COMPILER_GLOBAL_ACCENT_COLOR_NAME = AccentColor;
				CODE_SIGN_STYLE = Automatic;
				CURRENT_PROJECT_VERSION = 1;
				DEVELOPMENT_ASSET_PATHS = "\"GogolookTest/Preview Content\"";
				DEVELOPMENT_TEAM = 655PC3C7VU;
				ENABLE_PREVIEWS = YES;
				GENERATE_INFOPLIST_FILE = YES;
				INFOPLIST_KEY_UIApplicationSceneManifest_Generation = YES;
				INFOPLIST_KEY_UIApplicationSupportsIndirectInputEvents = YES;
				INFOPLIST_KEY_UILaunchScreen_Generation = YES;
				INFOPLIST_KEY_UISupportedInterfaceOrientations_iPad = "UIInterfaceOrientationPortrait UIInterfaceOrientationPortraitUpsideDown UIInterfaceOrientationLandscapeLeft UIInterfaceOrientationLandscapeRight";
				INFOPLIST_KEY_UISupportedInterfaceOrientations_iPhone = "UIInterfaceOrientationPortrait UIInterfaceOrientationLandscapeLeft UIInterfaceOrientationLandscapeRight";
				LD_RUNPATH_SEARCH_PATHS = (
					"$(inherited)",
					"@executable_path/Frameworks",
				);
				MARKETING_VERSION = 1.0;
				PRODUCT_BUNDLE_IDENTIFIER = eee.GogolookTest;
				PRODUCT_NAME = "$(TARGET_NAME)";
				SWIFT_EMIT_LOC_STRINGS = YES;
				SWIFT_VERSION = 5.0;
				TARGETED_DEVICE_FAMILY = "1,2";
			};
			name = Debug;
		};
		FBD0FBA9289A17C900FDEEA4 /* Release */ = {
			isa = XCBuildConfiguration;
			buildSettings = {
				ASSETCATALOG_COMPILER_APPICON_NAME = AppIcon;
				ASSETCATALOG_COMPILER_GLOBAL_ACCENT_COLOR_NAME = AccentColor;
				CODE_SIGN_STYLE = Automatic;
				CURRENT_PROJECT_VERSION = 1;
				DEVELOPMENT_ASSET_PATHS = "\"GogolookTest/Preview Content\"";
				DEVELOPMENT_TEAM = 655PC3C7VU;
				ENABLE_PREVIEWS = YES;
				GENERATE_INFOPLIST_FILE = YES;
				INFOPLIST_KEY_UIApplicationSceneManifest_Generation = YES;
				INFOPLIST_KEY_UIApplicationSupportsIndirectInputEvents = YES;
				INFOPLIST_KEY_UILaunchScreen_Generation = YES;
				INFOPLIST_KEY_UISupportedInterfaceOrientations_iPad = "UIInterfaceOrientationPortrait UIInterfaceOrientationPortraitUpsideDown UIInterfaceOrientationLandscapeLeft UIInterfaceOrientationLandscapeRight";
				INFOPLIST_KEY_UISupportedInterfaceOrientations_iPhone = "UIInterfaceOrientationPortrait UIInterfaceOrientationLandscapeLeft UIInterfaceOrientationLandscapeRight";
				LD_RUNPATH_SEARCH_PATHS = (
					"$(inherited)",
					"@executable_path/Frameworks",
				);
				MARKETING_VERSION = 1.0;
				PRODUCT_BUNDLE_IDENTIFIER = eee.GogolookTest;
				PRODUCT_NAME = "$(TARGET_NAME)";
				SWIFT_EMIT_LOC_STRINGS = YES;
				SWIFT_VERSION = 5.0;
				TARGETED_DEVICE_FAMILY = "1,2";
			};
			name = Release;
		};
		FBD0FBAB289A17C900FDEEA4 /* Debug */ = {
			isa = XCBuildConfiguration;
			buildSettings = {
				ALWAYS_EMBED_SWIFT_STANDARD_LIBRARIES = YES;
				BUNDLE_LOADER = "$(TEST_HOST)";
				CODE_SIGN_STYLE = Automatic;
				CURRENT_PROJECT_VERSION = 1;
				DEVELOPMENT_TEAM = 655PC3C7VU;
				GENERATE_INFOPLIST_FILE = YES;
				IPHONEOS_DEPLOYMENT_TARGET = 15.5;
				MARKETING_VERSION = 1.0;
				PRODUCT_BUNDLE_IDENTIFIER = eee.GogolookTestTests;
				PRODUCT_NAME = "$(TARGET_NAME)";
				SWIFT_EMIT_LOC_STRINGS = NO;
				SWIFT_VERSION = 5.0;
				TARGETED_DEVICE_FAMILY = "1,2";
				TEST_HOST = "$(BUILT_PRODUCTS_DIR)/GogolookTest.app/GogolookTest";
			};
			name = Debug;
		};
		FBD0FBAC289A17C900FDEEA4 /* Release */ = {
			isa = XCBuildConfiguration;
			buildSettings = {
				ALWAYS_EMBED_SWIFT_STANDARD_LIBRARIES = YES;
				BUNDLE_LOADER = "$(TEST_HOST)";
				CODE_SIGN_STYLE = Automatic;
				CURRENT_PROJECT_VERSION = 1;
				DEVELOPMENT_TEAM = 655PC3C7VU;
				GENERATE_INFOPLIST_FILE = YES;
				IPHONEOS_DEPLOYMENT_TARGET = 15.5;
				MARKETING_VERSION = 1.0;
				PRODUCT_BUNDLE_IDENTIFIER = eee.GogolookTestTests;
				PRODUCT_NAME = "$(TARGET_NAME)";
				SWIFT_EMIT_LOC_STRINGS = NO;
				SWIFT_VERSION = 5.0;
				TARGETED_DEVICE_FAMILY = "1,2";
				TEST_HOST = "$(BUILT_PRODUCTS_DIR)/GogolookTest.app/GogolookTest";
			};
			name = Release;
		};
		FBD0FBAE289A17C900FDEEA4 /* Debug */ = {
			isa = XCBuildConfiguration;
			buildSettings = {
				ALWAYS_EMBED_SWIFT_STANDARD_LIBRARIES = YES;
				CODE_SIGN_STYLE = Automatic;
				CURRENT_PROJECT_VERSION = 1;
				DEVELOPMENT_TEAM = 655PC3C7VU;
				GENERATE_INFOPLIST_FILE = YES;
				MARKETING_VERSION = 1.0;
				PRODUCT_BUNDLE_IDENTIFIER = eee.GogolookTestUITests;
				PRODUCT_NAME = "$(TARGET_NAME)";
				SWIFT_EMIT_LOC_STRINGS = NO;
				SWIFT_VERSION = 5.0;
				TARGETED_DEVICE_FAMILY = "1,2";
				TEST_TARGET_NAME = GogolookTest;
			};
			name = Debug;
		};
		FBD0FBAF289A17C900FDEEA4 /* Release */ = {
			isa = XCBuildConfiguration;
			buildSettings = {
				ALWAYS_EMBED_SWIFT_STANDARD_LIBRARIES = YES;
				CODE_SIGN_STYLE = Automatic;
				CURRENT_PROJECT_VERSION = 1;
				DEVELOPMENT_TEAM = 655PC3C7VU;
				GENERATE_INFOPLIST_FILE = YES;
				MARKETING_VERSION = 1.0;
				PRODUCT_BUNDLE_IDENTIFIER = eee.GogolookTestUITests;
				PRODUCT_NAME = "$(TARGET_NAME)";
				SWIFT_EMIT_LOC_STRINGS = NO;
				SWIFT_VERSION = 5.0;
				TARGETED_DEVICE_FAMILY = "1,2";
				TEST_TARGET_NAME = GogolookTest;
			};
			name = Release;
		};
/* End XCBuildConfiguration section */

/* Begin XCConfigurationList section */
		FBD0FB7E289A17C500FDEEA4 /* Build configuration list for PBXProject "GogolookTest" */ = {
			isa = XCConfigurationList;
			buildConfigurations = (
				FBD0FBA5289A17C900FDEEA4 /* Debug */,
				FBD0FBA6289A17C900FDEEA4 /* Release */,
			);
			defaultConfigurationIsVisible = 0;
			defaultConfigurationName = Release;
		};
		FBD0FBA7289A17C900FDEEA4 /* Build configuration list for PBXNativeTarget "GogolookTest" */ = {
			isa = XCConfigurationList;
			buildConfigurations = (
				FBD0FBA8289A17C900FDEEA4 /* Debug */,
				FBD0FBA9289A17C900FDEEA4 /* Release */,
			);
			defaultConfigurationIsVisible = 0;
			defaultConfigurationName = Release;
		};
		FBD0FBAA289A17C900FDEEA4 /* Build configuration list for PBXNativeTarget "GogolookTestTests" */ = {
			isa = XCConfigurationList;
			buildConfigurations = (
				FBD0FBAB289A17C900FDEEA4 /* Debug */,
				FBD0FBAC289A17C900FDEEA4 /* Release */,
			);
			defaultConfigurationIsVisible = 0;
			defaultConfigurationName = Release;
		};
		FBD0FBAD289A17C900FDEEA4 /* Build configuration list for PBXNativeTarget "GogolookTestUITests" */ = {
			isa = XCConfigurationList;
			buildConfigurations = (
				FBD0FBAE289A17C900FDEEA4 /* Debug */,
				FBD0FBAF289A17C900FDEEA4 /* Release */,
			);
			defaultConfigurationIsVisible = 0;
			defaultConfigurationName = Release;
		};
/* End XCConfigurationList section */

/* Begin XCRemoteSwiftPackageReference section */
		FB4E48CC289B7ED20080B9E4 /* XCRemoteSwiftPackageReference "Kingfisher" */ = {
			isa = XCRemoteSwiftPackageReference;
			repositoryURL = "https://github.com/onevcat/Kingfisher.git";
			requirement = {
				kind = upToNextMajorVersion;
				minimumVersion = 7.0.0;
			};
		};
/* End XCRemoteSwiftPackageReference section */

/* Begin XCSwiftPackageProductDependency section */
		FB4E48CD289B7ED20080B9E4 /* Kingfisher */ = {
			isa = XCSwiftPackageProductDependency;
			package = FB4E48CC289B7ED20080B9E4 /* XCRemoteSwiftPackageReference "Kingfisher" */;
			productName = Kingfisher;
		};
/* End XCSwiftPackageProductDependency section */
	};
	rootObject = FBD0FB7B289A17C500FDEEA4 /* Project object */;
}
